// !$*UTF8*$!
{
	archiveVersion = 1;
	classes = {
	};
	objectVersion = 50;
	objects = {

/* Begin PBXBuildFile section */
		EA22F3192256733C00A3640A /* AppDelegate.swift in Sources */ = {isa = PBXBuildFile; fileRef = EA22F3182256733C00A3640A /* AppDelegate.swift */; };
		EA22F31B2256733C00A3640A /* ViewController.swift in Sources */ = {isa = PBXBuildFile; fileRef = EA22F31A2256733C00A3640A /* ViewController.swift */; };
		EA22F31E2256733C00A3640A /* Main.storyboard in Resources */ = {isa = PBXBuildFile; fileRef = EA22F31C2256733C00A3640A /* Main.storyboard */; };
		EA22F3202256733E00A3640A /* Assets.xcassets in Resources */ = {isa = PBXBuildFile; fileRef = EA22F31F2256733E00A3640A /* Assets.xcassets */; };
		EA22F3232256733E00A3640A /* LaunchScreen.storyboard in Resources */ = {isa = PBXBuildFile; fileRef = EA22F3212256733E00A3640A /* LaunchScreen.storyboard */; };
		EA22F3332256905400A3640A /* PopoverTableViewController.swift in Sources */ = {isa = PBXBuildFile; fileRef = EA22F3322256905400A3640A /* PopoverTableViewController.swift */; };
		EA22F3352256935700A3640A /* DetailPopoverTableViewController.swift in Sources */ = {isa = PBXBuildFile; fileRef = EA22F3342256935700A3640A /* DetailPopoverTableViewController.swift */; };
		EA2FBDD122569BC3002AC48D /* MyNavController.swift in Sources */ = {isa = PBXBuildFile; fileRef = EA2FBDD022569BC3002AC48D /* MyNavController.swift */; };
/* End PBXBuildFile section */

/* Begin PBXFileReference section */
		EA22F3152256733C00A3640A /* Popover Experimentation =.app */ = {isa = PBXFileReference; explicitFileType = wrapper.application; includeInIndex = 0; path = "Popover Experimentation =.app"; sourceTree = BUILT_PRODUCTS_DIR; };
		EA22F3182256733C00A3640A /* AppDelegate.swift */ = {isa = PBXFileReference; lastKnownFileType = sourcecode.swift; path = AppDelegate.swift; sourceTree = "<group>"; };
		EA22F31A2256733C00A3640A /* ViewController.swift */ = {isa = PBXFileReference; lastKnownFileType = sourcecode.swift; path = ViewController.swift; sourceTree = "<group>"; };
		EA22F31D2256733C00A3640A /* Base */ = {isa = PBXFileReference; lastKnownFileType = file.storyboard; name = Base; path = Base.lproj/Main.storyboard; sourceTree = "<group>"; };
		EA22F31F2256733E00A3640A /* Assets.xcassets */ = {isa = PBXFileReference; lastKnownFileType = folder.assetcatalog; path = Assets.xcassets; sourceTree = "<group>"; };
		EA22F3222256733E00A3640A /* Base */ = {isa = PBXFileReference; lastKnownFileType = file.storyboard; name = Base; path = Base.lproj/LaunchScreen.storyboard; sourceTree = "<group>"; };
		EA22F3242256733E00A3640A /* Info.plist */ = {isa = PBXFileReference; lastKnownFileType = text.plist.xml; path = Info.plist; sourceTree = "<group>"; };
		EA22F3322256905400A3640A /* PopoverTableViewController.swift */ = {isa = PBXFileReference; lastKnownFileType = sourcecode.swift; path = PopoverTableViewController.swift; sourceTree = "<group>"; };
		EA22F3342256935700A3640A /* DetailPopoverTableViewController.swift */ = {isa = PBXFileReference; lastKnownFileType = sourcecode.swift; path = DetailPopoverTableViewController.swift; sourceTree = "<group>"; };
		EA2FBDD022569BC3002AC48D /* MyNavController.swift */ = {isa = PBXFileReference; lastKnownFileType = sourcecode.swift; path = MyNavController.swift; sourceTree = "<group>"; };
/* End PBXFileReference section */

/* Begin PBXFrameworksBuildPhase section */
		EA22F3122256733C00A3640A /* Frameworks */ = {
			isa = PBXFrameworksBuildPhase;
			buildActionMask = 2147483647;
			files = (
			);
			runOnlyForDeploymentPostprocessing = 0;
		};
/* End PBXFrameworksBuildPhase section */

/* Begin PBXGroup section */
		EA22F30C2256733C00A3640A = {
			isa = PBXGroup;
			children = (
				EA22F3172256733C00A3640A /* Popover Experimentation = */,
				EA22F3162256733C00A3640A /* Products */,
			);
			sourceTree = "<group>";
		};
		EA22F3162256733C00A3640A /* Products */ = {
			isa = PBXGroup;
			children = (
				EA22F3152256733C00A3640A /* Popover Experimentation =.app */,
			);
			name = Products;
			sourceTree = "<group>";
		};
		EA22F3172256733C00A3640A /* Popover Experimentation = */ = {
			isa = PBXGroup;
			children = (
				EA22F3182256733C00A3640A /* AppDelegate.swift */,
				EA22F31A2256733C00A3640A /* ViewController.swift */,
				EA22F3322256905400A3640A /* PopoverTableViewController.swift */,
				EA2FBDD022569BC3002AC48D /* MyNavController.swift */,
				EA22F3342256935700A3640A /* DetailPopoverTableViewController.swift */,
				EA22F31C2256733C00A3640A /* Main.storyboard */,
				EA22F31F2256733E00A3640A /* Assets.xcassets */,
				EA22F3212256733E00A3640A /* LaunchScreen.storyboard */,
				EA22F3242256733E00A3640A /* Info.plist */,
			);
			path = "Popover Experimentation =";
			sourceTree = "<group>";
		};
/* End PBXGroup section */

/* Begin PBXNativeTarget section */
		EA22F3142256733C00A3640A /* Popover Experimentation = */ = {
			isa = PBXNativeTarget;
			buildConfigurationList = EA22F3272256733E00A3640A /* Build configuration list for PBXNativeTarget "Popover Experimentation =" */;
			buildPhases = (
				EA22F3112256733C00A3640A /* Sources */,
				EA22F3122256733C00A3640A /* Frameworks */,
				EA22F3132256733C00A3640A /* Resources */,
			);
			buildRules = (
			);
			dependencies = (
			);
			name = "Popover Experimentation =";
			productName = "Popover Experimentation =";
			productReference = EA22F3152256733C00A3640A /* Popover Experimentation =.app */;
			productType = "com.apple.product-type.application";
		};
/* End PBXNativeTarget section */

/* Begin PBXProject section */
		EA22F30D2256733C00A3640A /* Project object */ = {
			isa = PBXProject;
			attributes = {
				LastSwiftUpdateCheck = 1020;
				LastUpgradeCheck = 1020;
				ORGANIZATIONNAME = "Daniel Yount";
				TargetAttributes = {
					EA22F3142256733C00A3640A = {
						CreatedOnToolsVersion = 10.2;
					};
				};
			};
			buildConfigurationList = EA22F3102256733C00A3640A /* Build configuration list for PBXProject "Popover Experimentation =" */;
			compatibilityVersion = "Xcode 9.3";
			developmentRegion = en;
			hasScannedForEncodings = 0;
			knownRegions = (
				en,
				Base,
			);
			mainGroup = EA22F30C2256733C00A3640A;
			productRefGroup = EA22F3162256733C00A3640A /* Products */;
			projectDirPath = "";
			projectRoot = "";
			targets = (
				EA22F3142256733C00A3640A /* Popover Experimentation = */,
			);
		};
/* End PBXProject section */

/* Begin PBXResourcesBuildPhase section */
		EA22F3132256733C00A3640A /* Resources */ = {
			isa = PBXResourcesBuildPhase;
			buildActionMask = 2147483647;
			files = (
				EA22F3232256733E00A3640A /* LaunchScreen.storyboard in Resources */,
				EA22F3202256733E00A3640A /* Assets.xcassets in Resources */,
				EA22F31E2256733C00A3640A /* Main.storyboard in Resources */,
			);
			runOnlyForDeploymentPostprocessing = 0;
		};
/* End PBXResourcesBuildPhase section */

/* Begin PBXSourcesBuildPhase section */
		EA22F3112256733C00A3640A /* Sources */ = {
			isa = PBXSourcesBuildPhase;
			buildActionMask = 2147483647;
			files = (
				EA2FBDD122569BC3002AC48D /* MyNavController.swift in Sources */,
				EA22F31B2256733C00A3640A /* ViewController.swift in Sources */,
				EA22F3332256905400A3640A /* PopoverTableViewController.swift in Sources */,
				EA22F3352256935700A3640A /* DetailPopoverTableViewController.swift in Sources */,
				EA22F3192256733C00A3640A /* AppDelegate.swift in Sources */,
			);
			runOnlyForDeploymentPostprocessing = 0;
		};
/* End PBXSourcesBuildPhase section */

/* Begin PBXVariantGroup section */
		EA22F31C2256733C00A3640A /* Main.storyboard */ = {
			isa = PBXVariantGroup;
			children = (
				EA22F31D2256733C00A3640A /* Base */,
			);
			name = Main.storyboard;
			sourceTree = "<group>";
		};
		EA22F3212256733E00A3640A /* LaunchScreen.storyboard */ = {
			isa = PBXVariantGroup;
			children = (
				EA22F3222256733E00A3640A /* Base */,
			);
			name = LaunchScreen.storyboard;
			sourceTree = "<group>";
		};
/* End PBXVariantGroup section */

/* Begin XCBuildConfiguration section */
		EA22F3252256733E00A3640A /* Debug */ = {
			isa = XCBuildConfiguration;
			buildSettings = {
				ALWAYS_SEARCH_USER_PATHS = NO;
				CLANG_ANALYZER_NONNULL = YES;
				CLANG_ANALYZER_NUMBER_OBJECT_CONVERSION = YES_AGGRESSIVE;
				CLANG_CXX_LANGUAGE_STANDARD = "gnu++14";
				CLANG_CXX_LIBRARY = "libc++";
				CLANG_ENABLE_MODULES = YES;
				CLANG_ENABLE_OBJC_ARC = YES;
				CLANG_ENABLE_OBJC_WEAK = YES;
				CLANG_WARN_BLOCK_CAPTURE_AUTORELEASING = YES;
				CLANG_WARN_BOOL_CONVERSION = YES;
				CLANG_WARN_COMMA = YES;
				CLANG_WARN_CONSTANT_CONVERSION = YES;
				CLANG_WARN_DEPRECATED_OBJC_IMPLEMENTATIONS = YES;
				CLANG_WARN_DIRECT_OBJC_ISA_USAGE = YES_ERROR;
				CLANG_WARN_DOCUMENTATION_COMMENTS = YES;
				CLANG_WARN_EMPTY_BODY = YES;
				CLANG_WARN_ENUM_CONVERSION = YES;
				CLANG_WARN_INFINITE_RECURSION = YES;
				CLANG_WARN_INT_CONVERSION = YES;
				CLANG_WARN_NON_LITERAL_NULL_CONVERSION = YES;
				CLANG_WARN_OBJC_IMPLICIT_RETAIN_SELF = YES;
				CLANG_WARN_OBJC_LITERAL_CONVERSION = YES;
				CLANG_WARN_OBJC_ROOT_CLASS = YES_ERROR;
				CLANG_WARN_RANGE_LOOP_ANALYSIS = YES;
				CLANG_WARN_STRICT_PROTOTYPES = YES;
				CLANG_WARN_SUSPICIOUS_MOVE = YES;
				CLANG_WARN_UNGUARDED_AVAILABILITY = YES_AGGRESSIVE;
				CLANG_WARN_UNREACHABLE_CODE = YES;
				CLANG_WARN__DUPLICATE_METHOD_MATCH = YES;
				CODE_SIGN_IDENTITY = "iPhone Developer";
				COPY_PHASE_STRIP = NO;
				DEBUG_INFORMATION_FORMAT = dwarf;
				ENABLE_STRICT_OBJC_MSGSEND = YES;
				ENABLE_TESTABILITY = YES;
				GCC_C_LANGUAGE_STANDARD = gnu11;
				GCC_DYNAMIC_NO_PIC = NO;
				GCC_NO_COMMON_BLOCKS = YES;
				GCC_OPTIMIZATION_LEVEL = 0;
				GCC_PREPROCESSOR_DEFINITIONS = (
					"DEBUG=1",
					"$(inherited)",
				);
				GCC_WARN_64_TO_32_BIT_CONVERSION = YES;
				GCC_WARN_ABOUT_RETURN_TYPE = YES_ERROR;
				GCC_WARN_UNDECLARED_SELECTOR = YES;
				GCC_WARN_UNINITIALIZED_AUTOS = YES_AGGRESSIVE;
				GCC_WARN_UNUSED_FUNCTION = YES;
				GCC_WARN_UNUSED_VARIABLE = YES;
				IPHONEOS_DEPLOYMENT_TARGET = 12.2;
				MTL_ENABLE_DEBUG_INFO = INCLUDE_SOURCE;
				MTL_FAST_MATH = YES;
				ONLY_ACTIVE_ARCH = YES;
				SDKROOT = iphoneos;
				SWIFT_ACTIVE_COMPILATION_CONDITIONS = DEBUG;
				SWIFT_OPTIMIZATION_LEVEL = "-Onone";
			};
			name = Debug;
		};
		EA22F3262256733E00A3640A /* Release */ = {
			isa = XCBuildConfiguration;
			buildSettings = {
				ALWAYS_SEARCH_USER_PATHS = NO;
				CLANG_ANALYZER_NONNULL = YES;
				CLANG_ANALYZER_NUMBER_OBJECT_CONVERSION = YES_AGGRESSIVE;
				CLANG_CXX_LANGUAGE_STANDARD = "gnu++14";
				CLANG_CXX_LIBRARY = "libc++";
				CLANG_ENABLE_MODULES = YES;
				CLANG_ENABLE_OBJC_ARC = YES;
				CLANG_ENABLE_OBJC_WEAK = YES;
				CLANG_WARN_BLOCK_CAPTURE_AUTORELEASING = YES;
				CLANG_WARN_BOOL_CONVERSION = YES;
				CLANG_WARN_COMMA = YES;
				CLANG_WARN_CONSTANT_CONVERSION = YES;
				CLANG_WARN_DEPRECATED_OBJC_IMPLEMENTATIONS = YES;
				CLANG_WARN_DIRECT_OBJC_ISA_USAGE = YES_ERROR;
				CLANG_WARN_DOCUMENTATION_COMMENTS = YES;
				CLANG_WARN_EMPTY_BODY = YES;
				CLANG_WARN_ENUM_CONVERSION = YES;
				CLANG_WARN_INFINITE_RECURSION = YES;
				CLANG_WARN_INT_CONVERSION = YES;
				CLANG_WARN_NON_LITERAL_NULL_CONVERSION = YES;
				CLANG_WARN_OBJC_IMPLICIT_RETAIN_SELF = YES;
				CLANG_WARN_OBJC_LITERAL_CONVERSION = YES;
				CLANG_WARN_OBJC_ROOT_CLASS = YES_ERROR;
				CLANG_WARN_RANGE_LOOP_ANALYSIS = YES;
				CLANG_WARN_STRICT_PROTOTYPES = YES;
				CLANG_WARN_SUSPICIOUS_MOVE = YES;
				CLANG_WARN_UNGUARDED_AVAILABILITY = YES_AGGRESSIVE;
				CLANG_WARN_UNREACHABLE_CODE = YES;
				CLANG_WARN__DUPLICATE_METHOD_MATCH = YES;
				CODE_SIGN_IDENTITY = "iPhone Developer";
				COPY_PHASE_STRIP = NO;
				DEBUG_INFORMATION_FORMAT = "dwarf-with-dsym";
				ENABLE_NS_ASSERTIONS = NO;
				ENABLE_STRICT_OBJC_MSGSEND = YES;
				GCC_C_LANGUAGE_STANDARD = gnu11;
				GCC_NO_COMMON_BLOCKS = YES;
				GCC_WARN_64_TO_32_BIT_CONVERSION = YES;
				GCC_WARN_ABOUT_RETURN_TYPE = YES_ERROR;
				GCC_WARN_UNDECLARED_SELECTOR = YES;
				GCC_WARN_UNINITIALIZED_AUTOS = YES_AGGRESSIVE;
				GCC_WARN_UNUSED_FUNCTION = YES;
				GCC_WARN_UNUSED_VARIABLE = YES;
				IPHONEOS_DEPLOYMENT_TARGET = 12.2;
				MTL_ENABLE_DEBUG_INFO = NO;
				MTL_FAST_MATH = YES;
				SDKROOT = iphoneos;
				SWIFT_COMPILATION_MODE = wholemodule;
				SWIFT_OPTIMIZATION_LEVEL = "-O";
				VALIDATE_PRODUCT = YES;
			};
			name = Release;
		};
		EA22F3282256733E00A3640A /* Debug */ = {
			isa = XCBuildConfiguration;
			buildSettings = {
				ASSETCATALOG_COMPILER_APPICON_NAME = AppIcon;
				CODE_SIGN_STYLE = Automatic;
				DEVELOPMENT_TEAM = XQS7PSG89D;
				INFOPLIST_FILE = "Popover Experimentation =/Info.plist";
				IPHONEOS_DEPLOYMENT_TARGET = 10.0;
				LD_RUNPATH_SEARCH_PATHS = (
					"$(inherited)",
					"@executable_path/Frameworks",
				);
				PRODUCT_BUNDLE_IDENTIFIER = "com.danielyount.Popover-Experimentation--";
				PRODUCT_NAME = "$(TARGET_NAME)";
				SWIFT_VERSION = 5.0;
				TARGETED_DEVICE_FAMILY = "1,2";
			};
			name = Debug;
		};
		EA22F3292256733E00A3640A /* Release */ = {
			isa = XCBuildConfiguration;
			buildSettings = {
				ASSETCATALOG_COMPILER_APPICON_NAME = AppIcon;
				CODE_SIGN_STYLE = Automatic;
				DEVELOPMENT_TEAM = XQS7PSG89D;
				INFOPLIST_FILE = "Popover Experimentation =/Info.plist";
				IPHONEOS_DEPLOYMENT_TARGET = 10.0;
				LD_RUNPATH_SEARCH_PATHS = (
					"$(inherited)",
					"@executable_path/Frameworks",
				);
				PRODUCT_BUNDLE_IDENTIFIER = "com.danielyount.Popover-Experimentation--";
				PRODUCT_NAME = "$(TARGET_NAME)";
				SWIFT_VERSION = 5.0;
				TARGETED_DEVICE_FAMILY = "1,2";
			};
			name = Release;
		};
/* End XCBuildConfiguration section */

/* Begin XCConfigurationList section */
		EA22F3102256733C00A3640A /* Build configuration list for PBXProject "Popover Experimentation =" */ = {
			isa = XCConfigurationList;
			buildConfigurations = (
				EA22F3252256733E00A3640A /* Debug */,
				EA22F3262256733E00A3640A /* Release */,
			);
			defaultConfigurationIsVisible = 0;
			defaultConfigurationName = Release;
		};
		EA22F3272256733E00A3640A /* Build configuration list for PBXNativeTarget "Popover Experimentation =" */ = {
			isa = XCConfigurationList;
			buildConfigurations = (
				EA22F3282256733E00A3640A /* Debug */,
				EA22F3292256733E00A3640A /* Release */,
			);
			defaultConfigurationIsVisible = 0;
			defaultConfigurationName = Release;
		};
/* End XCConfigurationList section */
	};
	rootObject = EA22F30D2256733C00A3640A /* Project object */;
}
